
Microsoft Visual Studio Solution File, Format Version 12.00
# Visual Studio Version 16
VisualStudioVersion = 16.0.31410.223
MinimumVisualStudioVersion = 10.0.40219.1
Project("{2150E333-8FDC-42A3-9474-1A3956D46DE8}") = "src", "src", "{73DD776E-B397-4372-867D-EDAF28C8608F}"
EndProject
Project("{2150E333-8FDC-42A3-9474-1A3956D46DE8}") = "ClientApps", "ClientApps", "{81EB72CF-8A3B-4C39-A1C6-65893F8DEB13}"
EndProject
Project("{2150E333-8FDC-42A3-9474-1A3956D46DE8}") = "Server", "Server", "{98EABEDD-28DB-4E2B-8167-03CE601C73BF}"
EndProject
Project("{2150E333-8FDC-42A3-9474-1A3956D46DE8}") = "Solution Items", "Solution Items", "{B69E8FA4-393A-4409-B824-9750223CF01C}"
	ProjectSection(SolutionItems) = preProject
		.editorconfig = .editorconfig
	EndProjectSection
EndProject
Project("{2150E333-8FDC-42A3-9474-1A3956D46DE8}") = "Core", "Core", "{CB9B310C-37C2-4DAD-AEC3-1ED529190AA9}"
EndProject
Project("{2150E333-8FDC-42A3-9474-1A3956D46DE8}") = "Infrastructure", "Infrastructure", "{7E02466D-9055-484A-AFD1-33AD5CA46437}"
EndProject
Project("{2150E333-8FDC-42A3-9474-1A3956D46DE8}") = "ApiApps", "ApiApps", "{E1D1A568-3BD0-429C-A717-18B329D75120}"
EndProject
Project("{9A19103F-16F7-4668-BE54-9A1E7A4F7556}") = "EmployeeManagement.Domain", "src\Server\Core\EmployeeManagement.Domain\EmployeeManagement.Domain.csproj", "{ADB9EE78-03CD-4426-90C9-0F004622CBCB}"
EndProject
Project("{9A19103F-16F7-4668-BE54-9A1E7A4F7556}") = "EmployeeManagement.Application", "src\Server\Core\EmployeeManagement.Application\EmployeeManagement.Application.csproj", "{DFE2AF1F-5C75-47F6-8B1F-8A1201EC1D68}"
EndProject
Project("{9A19103F-16F7-4668-BE54-9A1E7A4F7556}") = "EmployeeManagement.Infrastructure.Services", "src\Server\Infrastructure\EmployeeManagement.Infrastructure.Services\EmployeeManagement.Infrastructure.Services.csproj", "{081962C0-84E0-46F6-8ADF-D2D9E4178CE5}"
EndProject
Project("{9A19103F-16F7-4668-BE54-9A1E7A4F7556}") = "BlazorWasmApp", "src\ClientApps\BlazorWasmApp\BlazorWasmApp.csproj", "{D98DEF73-6D92-4A59-9BB3-4034F4161561}"
EndProject
Project("{2150E333-8FDC-42A3-9474-1A3956D46DE8}") = "Persistence", "Persistence", "{21A59E6D-2B0A-4CB8-A671-5A45DF732896}"
EndProject
Project("{9A19103F-16F7-4668-BE54-9A1E7A4F7556}") = "EmployeeManagement.Api", "src\Server\ApiApps\EmployeeManagement.Api\EmployeeManagement.Api.csproj", "{21F7A2F9-AE81-4006-9568-18F40F579521}"
EndProject
Project("{9A19103F-16F7-4668-BE54-9A1E7A4F7556}") = "EmployeeManagement.Persistence.RelationalDB", "src\Server\Infrastructure\Persistence\EmployeeManagement.Persistence.RelationalDB\EmployeeManagement.Persistence.RelationalDB.csproj", "{6883D1A0-7071-42B9-93C1-BE242937FFFD}"
EndProject
Project("{9A19103F-16F7-4668-BE54-9A1E7A4F7556}") = "EmployeeManagement.Persistence.Cache", "src\Server\Infrastructure\Persistence\EmployeeManagement.Persistence.Cache\EmployeeManagement.Persistence.Cache.csproj", "{2BCDA5AF-60A9-40B5-9F19-5C9D0118EBF4}"
EndProject
Project("{2150E333-8FDC-42A3-9474-1A3956D46DE8}") = "Identity", "Identity", "{EE605F00-8AF5-46AF-988D-EFA6BD076C2C}"
EndProject
Project("{2150E333-8FDC-42A3-9474-1A3956D46DE8}") = "ApiApps", "ApiApps", "{B8033105-CC05-426C-8DE8-5461C877339F}"
EndProject
Project("{2150E333-8FDC-42A3-9474-1A3956D46DE8}") = "Core", "Core", "{522F7245-3BF0-4744-B36E-19B9ED8EF477}"
EndProject
Project("{2150E333-8FDC-42A3-9474-1A3956D46DE8}") = "Infrastructure", "Infrastructure", "{965611CF-5507-483C-A5D7-E7178BDEEEC0}"
EndProject
Project("{9A19103F-16F7-4668-BE54-9A1E7A4F7556}") = "Identity.Domain", "src\Identity\Core\Identity.Domain\Identity.Domain.csproj", "{C87E3D85-466F-4873-9EDB-1F58B15981AB}"
EndProject
Project("{9A19103F-16F7-4668-BE54-9A1E7A4F7556}") = "Identity.Application", "src\Identity\Core\Identity.Application\Identity.Application.csproj", "{BD7CE606-1D16-4FFE-9549-C1FDAEBF3E43}"
EndProject
Project("{9A19103F-16F7-4668-BE54-9A1E7A4F7556}") = "Identity.Api", "src\Identity\ApiApps\Identity.Api\Identity.Api.csproj", "{3A653C61-F0AB-4713-BD84-B171F5E16560}"
EndProject
Project("{9A19103F-16F7-4668-BE54-9A1E7A4F7556}") = "Identity.Persistence.RelationalDB", "src\Identity\Infrastructure\Persistance\Identity.Persistence.RelationalDB\Identity.Persistence.RelationalDB.csproj", "{21D2CD61-A578-4236-AF9B-4D9807935991}"
EndProject
Project("{9A19103F-16F7-4668-BE54-9A1E7A4F7556}") = "Identity.Infrastructure.Services", "src\Identity\Infrastructure\Identity.Infrastructure.Services\Identity.Infrastructure.Services.csproj", "{AF6E9206-A226-48AD-80FF-B4B51534BA29}"
EndProject
Project("{9A19103F-16F7-4668-BE54-9A1E7A4F7556}") = "MauiBlazorApp", "src\ClientApps\MauiBlazorApp\MauiBlazorApp\MauiBlazorApp.csproj", "{A980E99C-B889-4284-95BE-92C077B19724}"
EndProject
Project("{9A19103F-16F7-4668-BE54-9A1E7A4F7556}") = "MauiBlazorApp.WinUI", "src\ClientApps\MauiBlazorApp\MauiBlazorApp.WinUI\MauiBlazorApp.WinUI.csproj", "{52695F25-1F01-4C2A-842B-92E290EBE774}"
EndProject
Project("{FAE04EC0-301F-11D3-BF4B-00C04F79EFBC}") = "ClientApps.Shared", "src\ClientApps\ClientApps.Shared\ClientApps.Shared.csproj", "{6026E80E-CB35-441E-9287-985584EFFA50}"
EndProject
Global
	GlobalSection(SolutionConfigurationPlatforms) = preSolution
		Debug|Any CPU = Debug|Any CPU
		Release|Any CPU = Release|Any CPU
	EndGlobalSection
	GlobalSection(ProjectConfigurationPlatforms) = postSolution
		{ADB9EE78-03CD-4426-90C9-0F004622CBCB}.Debug|Any CPU.ActiveCfg = Debug|Any CPU
		{ADB9EE78-03CD-4426-90C9-0F004622CBCB}.Debug|Any CPU.Build.0 = Debug|Any CPU
		{ADB9EE78-03CD-4426-90C9-0F004622CBCB}.Release|Any CPU.ActiveCfg = Release|Any CPU
		{ADB9EE78-03CD-4426-90C9-0F004622CBCB}.Release|Any CPU.Build.0 = Release|Any CPU
		{DFE2AF1F-5C75-47F6-8B1F-8A1201EC1D68}.Debug|Any CPU.ActiveCfg = Debug|Any CPU
		{DFE2AF1F-5C75-47F6-8B1F-8A1201EC1D68}.Debug|Any CPU.Build.0 = Debug|Any CPU
		{DFE2AF1F-5C75-47F6-8B1F-8A1201EC1D68}.Release|Any CPU.ActiveCfg = Release|Any CPU
		{DFE2AF1F-5C75-47F6-8B1F-8A1201EC1D68}.Release|Any CPU.Build.0 = Release|Any CPU
		{081962C0-84E0-46F6-8ADF-D2D9E4178CE5}.Debug|Any CPU.ActiveCfg = Debug|Any CPU
		{081962C0-84E0-46F6-8ADF-D2D9E4178CE5}.Debug|Any CPU.Build.0 = Debug|Any CPU
		{081962C0-84E0-46F6-8ADF-D2D9E4178CE5}.Release|Any CPU.ActiveCfg = Release|Any CPU
		{081962C0-84E0-46F6-8ADF-D2D9E4178CE5}.Release|Any CPU.Build.0 = Release|Any CPU
		{D98DEF73-6D92-4A59-9BB3-4034F4161561}.Debug|Any CPU.ActiveCfg = Debug|Any CPU
		{D98DEF73-6D92-4A59-9BB3-4034F4161561}.Debug|Any CPU.Build.0 = Debug|Any CPU
		{D98DEF73-6D92-4A59-9BB3-4034F4161561}.Release|Any CPU.ActiveCfg = Release|Any CPU
		{D98DEF73-6D92-4A59-9BB3-4034F4161561}.Release|Any CPU.Build.0 = Release|Any CPU
		{21F7A2F9-AE81-4006-9568-18F40F579521}.Debug|Any CPU.ActiveCfg = Debug|Any CPU
		{21F7A2F9-AE81-4006-9568-18F40F579521}.Debug|Any CPU.Build.0 = Debug|Any CPU
		{21F7A2F9-AE81-4006-9568-18F40F579521}.Release|Any CPU.ActiveCfg = Release|Any CPU
		{21F7A2F9-AE81-4006-9568-18F40F579521}.Release|Any CPU.Build.0 = Release|Any CPU
		{6883D1A0-7071-42B9-93C1-BE242937FFFD}.Debug|Any CPU.ActiveCfg = Debug|Any CPU
		{6883D1A0-7071-42B9-93C1-BE242937FFFD}.Debug|Any CPU.Build.0 = Debug|Any CPU
		{6883D1A0-7071-42B9-93C1-BE242937FFFD}.Release|Any CPU.ActiveCfg = Release|Any CPU
		{6883D1A0-7071-42B9-93C1-BE242937FFFD}.Release|Any CPU.Build.0 = Release|Any CPU
		{2BCDA5AF-60A9-40B5-9F19-5C9D0118EBF4}.Debug|Any CPU.ActiveCfg = Debug|Any CPU
		{2BCDA5AF-60A9-40B5-9F19-5C9D0118EBF4}.Debug|Any CPU.Build.0 = Debug|Any CPU
		{2BCDA5AF-60A9-40B5-9F19-5C9D0118EBF4}.Release|Any CPU.ActiveCfg = Release|Any CPU
		{2BCDA5AF-60A9-40B5-9F19-5C9D0118EBF4}.Release|Any CPU.Build.0 = Release|Any CPU
		{C87E3D85-466F-4873-9EDB-1F58B15981AB}.Debug|Any CPU.ActiveCfg = Debug|Any CPU
		{C87E3D85-466F-4873-9EDB-1F58B15981AB}.Debug|Any CPU.Build.0 = Debug|Any CPU
		{C87E3D85-466F-4873-9EDB-1F58B15981AB}.Release|Any CPU.ActiveCfg = Release|Any CPU
		{C87E3D85-466F-4873-9EDB-1F58B15981AB}.Release|Any CPU.Build.0 = Release|Any CPU
		{BD7CE606-1D16-4FFE-9549-C1FDAEBF3E43}.Debug|Any CPU.ActiveCfg = Debug|Any CPU
		{BD7CE606-1D16-4FFE-9549-C1FDAEBF3E43}.Debug|Any CPU.Build.0 = Debug|Any CPU
		{BD7CE606-1D16-4FFE-9549-C1FDAEBF3E43}.Release|Any CPU.ActiveCfg = Release|Any CPU
		{BD7CE606-1D16-4FFE-9549-C1FDAEBF3E43}.Release|Any CPU.Build.0 = Release|Any CPU
		{3A653C61-F0AB-4713-BD84-B171F5E16560}.Debug|Any CPU.ActiveCfg = Debug|Any CPU
		{3A653C61-F0AB-4713-BD84-B171F5E16560}.Debug|Any CPU.Build.0 = Debug|Any CPU
		{3A653C61-F0AB-4713-BD84-B171F5E16560}.Release|Any CPU.ActiveCfg = Release|Any CPU
		{3A653C61-F0AB-4713-BD84-B171F5E16560}.Release|Any CPU.Build.0 = Release|Any CPU
		{21D2CD61-A578-4236-AF9B-4D9807935991}.Debug|Any CPU.ActiveCfg = Debug|Any CPU
		{21D2CD61-A578-4236-AF9B-4D9807935991}.Debug|Any CPU.Build.0 = Debug|Any CPU
		{21D2CD61-A578-4236-AF9B-4D9807935991}.Release|Any CPU.ActiveCfg = Release|Any CPU
		{21D2CD61-A578-4236-AF9B-4D9807935991}.Release|Any CPU.Build.0 = Release|Any CPU
		{AF6E9206-A226-48AD-80FF-B4B51534BA29}.Debug|Any CPU.ActiveCfg = Debug|Any CPU
		{AF6E9206-A226-48AD-80FF-B4B51534BA29}.Debug|Any CPU.Build.0 = Debug|Any CPU
		{AF6E9206-A226-48AD-80FF-B4B51534BA29}.Release|Any CPU.ActiveCfg = Release|Any CPU
		{AF6E9206-A226-48AD-80FF-B4B51534BA29}.Release|Any CPU.Build.0 = Release|Any CPU
		{A980E99C-B889-4284-95BE-92C077B19724}.Debug|Any CPU.ActiveCfg = Debug|Any CPU
		{A980E99C-B889-4284-95BE-92C077B19724}.Debug|Any CPU.Build.0 = Debug|Any CPU
		{A980E99C-B889-4284-95BE-92C077B19724}.Debug|Any CPU.Deploy.0 = Debug|Any CPU
		{A980E99C-B889-4284-95BE-92C077B19724}.Release|Any CPU.ActiveCfg = Release|Any CPU
		{A980E99C-B889-4284-95BE-92C077B19724}.Release|Any CPU.Build.0 = Release|Any CPU
		{A980E99C-B889-4284-95BE-92C077B19724}.Release|Any CPU.Deploy.0 = Release|Any CPU
		{52695F25-1F01-4C2A-842B-92E290EBE774}.Debug|Any CPU.ActiveCfg = Debug|Any CPU
		{52695F25-1F01-4C2A-842B-92E290EBE774}.Debug|Any CPU.Build.0 = Debug|Any CPU
		{52695F25-1F01-4C2A-842B-92E290EBE774}.Release|Any CPU.ActiveCfg = Release|Any CPU
		{52695F25-1F01-4C2A-842B-92E290EBE774}.Release|Any CPU.Build.0 = Release|Any CPU
		{6026E80E-CB35-441E-9287-985584EFFA50}.Debug|Any CPU.ActiveCfg = Debug|Any CPU
		{6026E80E-CB35-441E-9287-985584EFFA50}.Debug|Any CPU.Build.0 = Debug|Any CPU
		{6026E80E-CB35-441E-9287-985584EFFA50}.Release|Any CPU.ActiveCfg = Release|Any CPU
		{6026E80E-CB35-441E-9287-985584EFFA50}.Release|Any CPU.Build.0 = Release|Any CPU
	EndGlobalSection
	GlobalSection(SolutionProperties) = preSolution
		HideSolutionNode = FALSE
	EndGlobalSection
	GlobalSection(NestedProjects) = preSolution
		{81EB72CF-8A3B-4C39-A1C6-65893F8DEB13} = {73DD776E-B397-4372-867D-EDAF28C8608F}
		{98EABEDD-28DB-4E2B-8167-03CE601C73BF} = {73DD776E-B397-4372-867D-EDAF28C8608F}
		{CB9B310C-37C2-4DAD-AEC3-1ED529190AA9} = {98EABEDD-28DB-4E2B-8167-03CE601C73BF}
		{7E02466D-9055-484A-AFD1-33AD5CA46437} = {98EABEDD-28DB-4E2B-8167-03CE601C73BF}
		{E1D1A568-3BD0-429C-A717-18B329D75120} = {98EABEDD-28DB-4E2B-8167-03CE601C73BF}
		{ADB9EE78-03CD-4426-90C9-0F004622CBCB} = {CB9B310C-37C2-4DAD-AEC3-1ED529190AA9}
		{DFE2AF1F-5C75-47F6-8B1F-8A1201EC1D68} = {CB9B310C-37C2-4DAD-AEC3-1ED529190AA9}
		{081962C0-84E0-46F6-8ADF-D2D9E4178CE5} = {7E02466D-9055-484A-AFD1-33AD5CA46437}
		{D98DEF73-6D92-4A59-9BB3-4034F4161561} = {81EB72CF-8A3B-4C39-A1C6-65893F8DEB13}
		{21A59E6D-2B0A-4CB8-A671-5A45DF732896} = {7E02466D-9055-484A-AFD1-33AD5CA46437}
		{21F7A2F9-AE81-4006-9568-18F40F579521} = {E1D1A568-3BD0-429C-A717-18B329D75120}
		{6883D1A0-7071-42B9-93C1-BE242937FFFD} = {21A59E6D-2B0A-4CB8-A671-5A45DF732896}
		{2BCDA5AF-60A9-40B5-9F19-5C9D0118EBF4} = {21A59E6D-2B0A-4CB8-A671-5A45DF732896}
		{EE605F00-8AF5-46AF-988D-EFA6BD076C2C} = {73DD776E-B397-4372-867D-EDAF28C8608F}
		{B8033105-CC05-426C-8DE8-5461C877339F} = {EE605F00-8AF5-46AF-988D-EFA6BD076C2C}
		{522F7245-3BF0-4744-B36E-19B9ED8EF477} = {EE605F00-8AF5-46AF-988D-EFA6BD076C2C}
		{965611CF-5507-483C-A5D7-E7178BDEEEC0} = {EE605F00-8AF5-46AF-988D-EFA6BD076C2C}
		{C87E3D85-466F-4873-9EDB-1F58B15981AB} = {522F7245-3BF0-4744-B36E-19B9ED8EF477}
		{BD7CE606-1D16-4FFE-9549-C1FDAEBF3E43} = {522F7245-3BF0-4744-B36E-19B9ED8EF477}
		{3A653C61-F0AB-4713-BD84-B171F5E16560} = {B8033105-CC05-426C-8DE8-5461C877339F}
		{21D2CD61-A578-4236-AF9B-4D9807935991} = {965611CF-5507-483C-A5D7-E7178BDEEEC0}
		{AF6E9206-A226-48AD-80FF-B4B51534BA29} = {965611CF-5507-483C-A5D7-E7178BDEEEC0}
		{A980E99C-B889-4284-95BE-92C077B19724} = {81EB72CF-8A3B-4C39-A1C6-65893F8DEB13}
		{52695F25-1F01-4C2A-842B-92E290EBE774} = {81EB72CF-8A3B-4C39-A1C6-65893F8DEB13}
		{6026E80E-CB35-441E-9287-985584EFFA50} = {81EB72CF-8A3B-4C39-A1C6-65893F8DEB13}
	EndGlobalSection
	GlobalSection(ExtensibilityGlobals) = postSolution
		SolutionGuid = {9C622411-9649-4977-93A0-2C624539C0EE}
	EndGlobalSection
EndGlobal
