
Microsoft Visual Studio Solution File, Format Version 12.00
# Visual Studio Version 17
VisualStudioVersion = 17.0.31512.422
MinimumVisualStudioVersion = 10.0.40219.1
Project("{2150E333-8FDC-42A3-9474-1A3956D46DE8}") = "src", "src", "{73DD776E-B397-4372-867D-EDAF28C8608F}"
EndProject
Project("{2150E333-8FDC-42A3-9474-1A3956D46DE8}") = "ClientApps", "ClientApps", "{81EB72CF-8A3B-4C39-A1C6-65893F8DEB13}"
EndProject
Project("{2150E333-8FDC-42A3-9474-1A3956D46DE8}") = "ServerApp", "ServerApp", "{98EABEDD-28DB-4E2B-8167-03CE601C73BF}"
EndProject
Project("{2150E333-8FDC-42A3-9474-1A3956D46DE8}") = "Solution Items", "Solution Items", "{B69E8FA4-393A-4409-B824-9750223CF01C}"
	ProjectSection(SolutionItems) = preProject
		.editorconfig = .editorconfig
	EndProjectSection
EndProject
Project("{2150E333-8FDC-42A3-9474-1A3956D46DE8}") = "Core", "Core", "{CB9B310C-37C2-4DAD-AEC3-1ED529190AA9}"
EndProject
Project("{2150E333-8FDC-42A3-9474-1A3956D46DE8}") = "Infrastructure", "Infrastructure", "{7E02466D-9055-484A-AFD1-33AD5CA46437}"
EndProject
Project("{2150E333-8FDC-42A3-9474-1A3956D46DE8}") = "Presentation", "Presentation", "{E1D1A568-3BD0-429C-A717-18B329D75120}"
EndProject
Project("{2150E333-8FDC-42A3-9474-1A3956D46DE8}") = "Persistence", "Persistence", "{21A59E6D-2B0A-4CB8-A671-5A45DF732896}"
EndProject
Project("{2150E333-8FDC-42A3-9474-1A3956D46DE8}") = "IdentityApp", "IdentityApp", "{EE605F00-8AF5-46AF-988D-EFA6BD076C2C}"
EndProject
Project("{2150E333-8FDC-42A3-9474-1A3956D46DE8}") = "Presentation", "Presentation", "{B8033105-CC05-426C-8DE8-5461C877339F}"
EndProject
Project("{2150E333-8FDC-42A3-9474-1A3956D46DE8}") = "Core", "Core", "{522F7245-3BF0-4744-B36E-19B9ED8EF477}"
EndProject
Project("{2150E333-8FDC-42A3-9474-1A3956D46DE8}") = "Infrastructure", "Infrastructure", "{965611CF-5507-483C-A5D7-E7178BDEEEC0}"
EndProject
Project("{9A19103F-16F7-4668-BE54-9A1E7A4F7556}") = "EmployeeManagement.Infrastructure.Services", "src\ServerApp\Infrastructure\EmployeeManagement.Infrastructure.Services\EmployeeManagement.Infrastructure.Services.csproj", "{E4D81464-3B6A-437C-A693-C0275A46694D}"
EndProject
Project("{9A19103F-16F7-4668-BE54-9A1E7A4F7556}") = "EmployeeManagement.Persistence.RelationalDB", "src\ServerApp\Infrastructure\Persistence\EmployeeManagement.Persistence.RelationalDB\EmployeeManagement.Persistence.RelationalDB.csproj", "{4BBECCDD-D6EE-4138-96EA-36B3E4323B49}"
EndProject
Project("{9A19103F-16F7-4668-BE54-9A1E7A4F7556}") = "EmployeeManagement.Persistence.Cache", "src\ServerApp\Infrastructure\Persistence\EmployeeManagement.Persistence.Cache\EmployeeManagement.Persistence.Cache.csproj", "{8CD2CE4A-5624-41C1-BF5F-839BB627DF27}"
EndProject
Project("{9A19103F-16F7-4668-BE54-9A1E7A4F7556}") = "EmployeeManagement.Domain", "src\ServerApp\Core\EmployeeManagement.Domain\EmployeeManagement.Domain.csproj", "{7AA9E3BC-6CCB-4A55-8780-F7FA93B2B865}"
EndProject
Project("{9A19103F-16F7-4668-BE54-9A1E7A4F7556}") = "EmployeeManagement.Application", "src\ServerApp\Core\EmployeeManagement.Application\EmployeeManagement.Application.csproj", "{091D6C3A-23DA-463A-937E-67233DFD8779}"
EndProject
Project("{9A19103F-16F7-4668-BE54-9A1E7A4F7556}") = "Identity.Domain", "src\IdentityApp\Core\Identity.Domain\Identity.Domain.csproj", "{F9CBCC2E-9F96-4579-8B8D-CC0CA116C50D}"
EndProject
Project("{9A19103F-16F7-4668-BE54-9A1E7A4F7556}") = "Identity.Application", "src\IdentityApp\Core\Identity.Application\Identity.Application.csproj", "{6BD502FF-F24E-4386-B5FE-0558F5D371AD}"
EndProject
Project("{9A19103F-16F7-4668-BE54-9A1E7A4F7556}") = "Identity.Infrastructure.Services", "src\IdentityApp\Infrastructure\Identity.Infrastructure.Services\Identity.Infrastructure.Services.csproj", "{A3CF1E3A-78A6-46AF-B269-5982A83800D6}"
EndProject
Project("{9A19103F-16F7-4668-BE54-9A1E7A4F7556}") = "Identity.Persistence.RelationalDB", "src\IdentityApp\Infrastructure\Identity.Persistence.RelationalDB\Identity.Persistence.RelationalDB.csproj", "{7727429B-4896-45F5-B660-E28988BDC607}"
EndProject
Project("{9A19103F-16F7-4668-BE54-9A1E7A4F7556}") = "BlazorWasmApp", "src\ClientApps\BlazorWasmApp\BlazorWasmApp.csproj", "{CF87FF06-EE73-4174-B0D4-20083CBB3C1E}"
EndProject
Project("{9A19103F-16F7-4668-BE54-9A1E7A4F7556}") = "BlazorApps.Shared", "src\ClientApps\BlazorApps.Shared\BlazorApps.Shared.csproj", "{2F824070-0E26-4577-AFAC-3424F16A9917}"
EndProject
Project("{9A19103F-16F7-4668-BE54-9A1E7A4F7556}") = "EmployeeManagement.Api", "src\ServerApp\Presentation\EmployeeManagement.Api\EmployeeManagement.Api.csproj", "{26CCDF7B-A635-4497-8010-0818B30D0530}"
EndProject
Project("{9A19103F-16F7-4668-BE54-9A1E7A4F7556}") = "Identity.Api", "src\IdentityApp\Presentation\Identity.Api\Identity.Api.csproj", "{38F3017E-9E06-491E-A8F1-EB0BB8C4F1EA}"
EndProject
Global
	GlobalSection(SolutionConfigurationPlatforms) = preSolution
		Debug|Any CPU = Debug|Any CPU
		Release|Any CPU = Release|Any CPU
	EndGlobalSection
	GlobalSection(ProjectConfigurationPlatforms) = postSolution
		{E4D81464-3B6A-437C-A693-C0275A46694D}.Debug|Any CPU.ActiveCfg = Debug|Any CPU
		{E4D81464-3B6A-437C-A693-C0275A46694D}.Debug|Any CPU.Build.0 = Debug|Any CPU
		{E4D81464-3B6A-437C-A693-C0275A46694D}.Release|Any CPU.ActiveCfg = Release|Any CPU
		{E4D81464-3B6A-437C-A693-C0275A46694D}.Release|Any CPU.Build.0 = Release|Any CPU
		{4BBECCDD-D6EE-4138-96EA-36B3E4323B49}.Debug|Any CPU.ActiveCfg = Debug|Any CPU
		{4BBECCDD-D6EE-4138-96EA-36B3E4323B49}.Debug|Any CPU.Build.0 = Debug|Any CPU
		{4BBECCDD-D6EE-4138-96EA-36B3E4323B49}.Release|Any CPU.ActiveCfg = Release|Any CPU
		{4BBECCDD-D6EE-4138-96EA-36B3E4323B49}.Release|Any CPU.Build.0 = Release|Any CPU
		{8CD2CE4A-5624-41C1-BF5F-839BB627DF27}.Debug|Any CPU.ActiveCfg = Debug|Any CPU
		{8CD2CE4A-5624-41C1-BF5F-839BB627DF27}.Debug|Any CPU.Build.0 = Debug|Any CPU
		{8CD2CE4A-5624-41C1-BF5F-839BB627DF27}.Release|Any CPU.ActiveCfg = Release|Any CPU
		{8CD2CE4A-5624-41C1-BF5F-839BB627DF27}.Release|Any CPU.Build.0 = Release|Any CPU
		{7AA9E3BC-6CCB-4A55-8780-F7FA93B2B865}.Debug|Any CPU.ActiveCfg = Debug|Any CPU
		{7AA9E3BC-6CCB-4A55-8780-F7FA93B2B865}.Debug|Any CPU.Build.0 = Debug|Any CPU
		{7AA9E3BC-6CCB-4A55-8780-F7FA93B2B865}.Release|Any CPU.ActiveCfg = Release|Any CPU
		{7AA9E3BC-6CCB-4A55-8780-F7FA93B2B865}.Release|Any CPU.Build.0 = Release|Any CPU
		{091D6C3A-23DA-463A-937E-67233DFD8779}.Debug|Any CPU.ActiveCfg = Debug|Any CPU
		{091D6C3A-23DA-463A-937E-67233DFD8779}.Debug|Any CPU.Build.0 = Debug|Any CPU
		{091D6C3A-23DA-463A-937E-67233DFD8779}.Release|Any CPU.ActiveCfg = Release|Any CPU
		{091D6C3A-23DA-463A-937E-67233DFD8779}.Release|Any CPU.Build.0 = Release|Any CPU
		{F9CBCC2E-9F96-4579-8B8D-CC0CA116C50D}.Debug|Any CPU.ActiveCfg = Debug|Any CPU
		{F9CBCC2E-9F96-4579-8B8D-CC0CA116C50D}.Debug|Any CPU.Build.0 = Debug|Any CPU
		{F9CBCC2E-9F96-4579-8B8D-CC0CA116C50D}.Release|Any CPU.ActiveCfg = Release|Any CPU
		{F9CBCC2E-9F96-4579-8B8D-CC0CA116C50D}.Release|Any CPU.Build.0 = Release|Any CPU
		{6BD502FF-F24E-4386-B5FE-0558F5D371AD}.Debug|Any CPU.ActiveCfg = Debug|Any CPU
		{6BD502FF-F24E-4386-B5FE-0558F5D371AD}.Debug|Any CPU.Build.0 = Debug|Any CPU
		{6BD502FF-F24E-4386-B5FE-0558F5D371AD}.Release|Any CPU.ActiveCfg = Release|Any CPU
		{6BD502FF-F24E-4386-B5FE-0558F5D371AD}.Release|Any CPU.Build.0 = Release|Any CPU
		{A3CF1E3A-78A6-46AF-B269-5982A83800D6}.Debug|Any CPU.ActiveCfg = Debug|Any CPU
		{A3CF1E3A-78A6-46AF-B269-5982A83800D6}.Debug|Any CPU.Build.0 = Debug|Any CPU
		{A3CF1E3A-78A6-46AF-B269-5982A83800D6}.Release|Any CPU.ActiveCfg = Release|Any CPU
		{A3CF1E3A-78A6-46AF-B269-5982A83800D6}.Release|Any CPU.Build.0 = Release|Any CPU
		{7727429B-4896-45F5-B660-E28988BDC607}.Debug|Any CPU.ActiveCfg = Debug|Any CPU
		{7727429B-4896-45F5-B660-E28988BDC607}.Debug|Any CPU.Build.0 = Debug|Any CPU
		{7727429B-4896-45F5-B660-E28988BDC607}.Release|Any CPU.ActiveCfg = Release|Any CPU
		{7727429B-4896-45F5-B660-E28988BDC607}.Release|Any CPU.Build.0 = Release|Any CPU
		{CF87FF06-EE73-4174-B0D4-20083CBB3C1E}.Debug|Any CPU.ActiveCfg = Debug|Any CPU
		{CF87FF06-EE73-4174-B0D4-20083CBB3C1E}.Debug|Any CPU.Build.0 = Debug|Any CPU
		{CF87FF06-EE73-4174-B0D4-20083CBB3C1E}.Release|Any CPU.ActiveCfg = Release|Any CPU
		{CF87FF06-EE73-4174-B0D4-20083CBB3C1E}.Release|Any CPU.Build.0 = Release|Any CPU
		{2F824070-0E26-4577-AFAC-3424F16A9917}.Debug|Any CPU.ActiveCfg = Debug|Any CPU
		{2F824070-0E26-4577-AFAC-3424F16A9917}.Debug|Any CPU.Build.0 = Debug|Any CPU
		{2F824070-0E26-4577-AFAC-3424F16A9917}.Release|Any CPU.ActiveCfg = Release|Any CPU
		{2F824070-0E26-4577-AFAC-3424F16A9917}.Release|Any CPU.Build.0 = Release|Any CPU
		{26CCDF7B-A635-4497-8010-0818B30D0530}.Debug|Any CPU.ActiveCfg = Debug|Any CPU
		{26CCDF7B-A635-4497-8010-0818B30D0530}.Debug|Any CPU.Build.0 = Debug|Any CPU
		{26CCDF7B-A635-4497-8010-0818B30D0530}.Release|Any CPU.ActiveCfg = Release|Any CPU
		{26CCDF7B-A635-4497-8010-0818B30D0530}.Release|Any CPU.Build.0 = Release|Any CPU
		{38F3017E-9E06-491E-A8F1-EB0BB8C4F1EA}.Debug|Any CPU.ActiveCfg = Debug|Any CPU
		{38F3017E-9E06-491E-A8F1-EB0BB8C4F1EA}.Debug|Any CPU.Build.0 = Debug|Any CPU
		{38F3017E-9E06-491E-A8F1-EB0BB8C4F1EA}.Release|Any CPU.ActiveCfg = Release|Any CPU
		{38F3017E-9E06-491E-A8F1-EB0BB8C4F1EA}.Release|Any CPU.Build.0 = Release|Any CPU
	EndGlobalSection
	GlobalSection(SolutionProperties) = preSolution
		HideSolutionNode = FALSE
	EndGlobalSection
	GlobalSection(NestedProjects) = preSolution
		{81EB72CF-8A3B-4C39-A1C6-65893F8DEB13} = {73DD776E-B397-4372-867D-EDAF28C8608F}
		{98EABEDD-28DB-4E2B-8167-03CE601C73BF} = {73DD776E-B397-4372-867D-EDAF28C8608F}
		{CB9B310C-37C2-4DAD-AEC3-1ED529190AA9} = {98EABEDD-28DB-4E2B-8167-03CE601C73BF}
		{7E02466D-9055-484A-AFD1-33AD5CA46437} = {98EABEDD-28DB-4E2B-8167-03CE601C73BF}
		{E1D1A568-3BD0-429C-A717-18B329D75120} = {98EABEDD-28DB-4E2B-8167-03CE601C73BF}
		{21A59E6D-2B0A-4CB8-A671-5A45DF732896} = {7E02466D-9055-484A-AFD1-33AD5CA46437}
		{EE605F00-8AF5-46AF-988D-EFA6BD076C2C} = {73DD776E-B397-4372-867D-EDAF28C8608F}
		{B8033105-CC05-426C-8DE8-5461C877339F} = {EE605F00-8AF5-46AF-988D-EFA6BD076C2C}
		{522F7245-3BF0-4744-B36E-19B9ED8EF477} = {EE605F00-8AF5-46AF-988D-EFA6BD076C2C}
		{965611CF-5507-483C-A5D7-E7178BDEEEC0} = {EE605F00-8AF5-46AF-988D-EFA6BD076C2C}
		{E4D81464-3B6A-437C-A693-C0275A46694D} = {7E02466D-9055-484A-AFD1-33AD5CA46437}
		{4BBECCDD-D6EE-4138-96EA-36B3E4323B49} = {21A59E6D-2B0A-4CB8-A671-5A45DF732896}
		{8CD2CE4A-5624-41C1-BF5F-839BB627DF27} = {21A59E6D-2B0A-4CB8-A671-5A45DF732896}
		{7AA9E3BC-6CCB-4A55-8780-F7FA93B2B865} = {CB9B310C-37C2-4DAD-AEC3-1ED529190AA9}
		{091D6C3A-23DA-463A-937E-67233DFD8779} = {CB9B310C-37C2-4DAD-AEC3-1ED529190AA9}
		{F9CBCC2E-9F96-4579-8B8D-CC0CA116C50D} = {522F7245-3BF0-4744-B36E-19B9ED8EF477}
		{6BD502FF-F24E-4386-B5FE-0558F5D371AD} = {522F7245-3BF0-4744-B36E-19B9ED8EF477}
		{A3CF1E3A-78A6-46AF-B269-5982A83800D6} = {965611CF-5507-483C-A5D7-E7178BDEEEC0}
		{7727429B-4896-45F5-B660-E28988BDC607} = {965611CF-5507-483C-A5D7-E7178BDEEEC0}
		{CF87FF06-EE73-4174-B0D4-20083CBB3C1E} = {81EB72CF-8A3B-4C39-A1C6-65893F8DEB13}
		{2F824070-0E26-4577-AFAC-3424F16A9917} = {81EB72CF-8A3B-4C39-A1C6-65893F8DEB13}
		{26CCDF7B-A635-4497-8010-0818B30D0530} = {E1D1A568-3BD0-429C-A717-18B329D75120}
		{38F3017E-9E06-491E-A8F1-EB0BB8C4F1EA} = {B8033105-CC05-426C-8DE8-5461C877339F}
	EndGlobalSection
	GlobalSection(ExtensibilityGlobals) = postSolution
		SolutionGuid = {9C622411-9649-4977-93A0-2C624539C0EE}
	EndGlobalSection
EndGlobal
