
Microsoft Visual Studio Solution File, Format Version 12.00
# Visual Studio Version 17
VisualStudioVersion = 17.0.31512.422
MinimumVisualStudioVersion = 10.0.40219.1
Project("{2150E333-8FDC-42A3-9474-1A3956D46DE8}") = "src", "src", "{73DD776E-B397-4372-867D-EDAF28C8608F}"
EndProject
Project("{2150E333-8FDC-42A3-9474-1A3956D46DE8}") = "ClientApps", "ClientApps", "{81EB72CF-8A3B-4C39-A1C6-65893F8DEB13}"
	ProjectSection(SolutionItems) = preProject
		src\ClientApps\docker-compose.yml = src\ClientApps\docker-compose.yml
		src\ClientApps\Dockerfile = src\ClientApps\Dockerfile
		src\ClientApps\nginx.conf = src\ClientApps\nginx.conf
	EndProjectSection
EndProject
Project("{2150E333-8FDC-42A3-9474-1A3956D46DE8}") = "Solution Items", "Solution Items", "{B69E8FA4-393A-4409-B824-9750223CF01C}"
	ProjectSection(SolutionItems) = preProject
		.editorconfig = .editorconfig
	EndProjectSection
EndProject
Project("{2150E333-8FDC-42A3-9474-1A3956D46DE8}") = "Core", "Core", "{CB9B310C-37C2-4DAD-AEC3-1ED529190AA9}"
EndProject
Project("{2150E333-8FDC-42A3-9474-1A3956D46DE8}") = "Infrastructure", "Infrastructure", "{7E02466D-9055-484A-AFD1-33AD5CA46437}"
EndProject
Project("{2150E333-8FDC-42A3-9474-1A3956D46DE8}") = "Presentation", "Presentation", "{E1D1A568-3BD0-429C-A717-18B329D75120}"
EndProject
Project("{9A19103F-16F7-4668-BE54-9A1E7A4F7556}") = "BlazorWasmApp", "src\ClientApps\BlazorWasmApp\BlazorWasmApp.csproj", "{CF87FF06-EE73-4174-B0D4-20083CBB3C1E}"
EndProject
Project("{E53339B2-1760-4266-BCC7-CA923CBCF16C}") = "docker-compose", "docker-compose.dcproj", "{7FD9B922-AC6E-44F8-AE81-02D4107DC7F5}"
EndProject
Project("{2150E333-8FDC-42A3-9474-1A3956D46DE8}") = "ServerApp", "ServerApp", "{C1C5E94D-8251-43E4-ABD0-521E2DE77313}"
EndProject
Project("{9A19103F-16F7-4668-BE54-9A1E7A4F7556}") = "EmployeeManagement.Domain", "src\ServerApp\Core\EmployeeManagement.Domain\EmployeeManagement.Domain.csproj", "{C32E6BDA-BA62-4B3A-8B20-EF18E7708A26}"
EndProject
Project("{9A19103F-16F7-4668-BE54-9A1E7A4F7556}") = "EmployeeManagement.Application", "src\ServerApp\Core\EmployeeManagement.Application\EmployeeManagement.Application.csproj", "{96C316C8-21A1-4A50-991A-CAD794FF15BD}"
EndProject
Project("{9A19103F-16F7-4668-BE54-9A1E7A4F7556}") = "EmployeeManagement.Persistence.RelationalDB", "src\ServerApp\Infrastructure\EmployeeManagement.Persistence.RelationalDB\EmployeeManagement.Persistence.RelationalDB.csproj", "{8057D91F-40EF-4473-B556-B5A0DEC50B4C}"
EndProject
Project("{9A19103F-16F7-4668-BE54-9A1E7A4F7556}") = "EmployeeManagement.Persistence.Cache", "src\ServerApp\Infrastructure\EmployeeManagement.Persistence.Cache\EmployeeManagement.Persistence.Cache.csproj", "{D75A6E81-9B27-4694-A50B-E64B58DD6DB5}"
EndProject
Project("{9A19103F-16F7-4668-BE54-9A1E7A4F7556}") = "EmployeeManagement.Infrastructure.Services", "src\ServerApp\Infrastructure\EmployeeManagement.Infrastructure.Services\EmployeeManagement.Infrastructure.Services.csproj", "{A61843B0-55EA-432A-9F6F-53CE5BFD9ECF}"
EndProject
Project("{9A19103F-16F7-4668-BE54-9A1E7A4F7556}") = "EmployeeManagement.Api", "src\ServerApp\Presentation\EmployeeManagement.Api\EmployeeManagement.Api.csproj", "{EA4DEAB8-832D-43AE-8BBC-DBCBBFB013CA}"
EndProject
Project("{2150E333-8FDC-42A3-9474-1A3956D46DE8}") = "test", "test", "{B0744579-6E37-4733-A0D4-1BE465640343}"
EndProject
Project("{FAE04EC0-301F-11D3-BF4B-00C04F79EFBC}") = "CleanHr.Application.Tests", "test\CleanHr.Application.Tests\CleanHr.Application.Tests.csproj", "{AA0E71C3-0DB4-4A18-BE5D-A1709112477B}"
EndProject
Global
	GlobalSection(SolutionConfigurationPlatforms) = preSolution
		Debug|Any CPU = Debug|Any CPU
		Release|Any CPU = Release|Any CPU
	EndGlobalSection
	GlobalSection(ProjectConfigurationPlatforms) = postSolution
		{CF87FF06-EE73-4174-B0D4-20083CBB3C1E}.Debug|Any CPU.ActiveCfg = Debug|Any CPU
		{CF87FF06-EE73-4174-B0D4-20083CBB3C1E}.Debug|Any CPU.Build.0 = Debug|Any CPU
		{CF87FF06-EE73-4174-B0D4-20083CBB3C1E}.Release|Any CPU.ActiveCfg = Release|Any CPU
		{CF87FF06-EE73-4174-B0D4-20083CBB3C1E}.Release|Any CPU.Build.0 = Release|Any CPU
		{7FD9B922-AC6E-44F8-AE81-02D4107DC7F5}.Debug|Any CPU.ActiveCfg = Debug|Any CPU
		{7FD9B922-AC6E-44F8-AE81-02D4107DC7F5}.Debug|Any CPU.Build.0 = Debug|Any CPU
		{7FD9B922-AC6E-44F8-AE81-02D4107DC7F5}.Release|Any CPU.ActiveCfg = Release|Any CPU
		{7FD9B922-AC6E-44F8-AE81-02D4107DC7F5}.Release|Any CPU.Build.0 = Release|Any CPU
		{C32E6BDA-BA62-4B3A-8B20-EF18E7708A26}.Debug|Any CPU.ActiveCfg = Debug|Any CPU
		{C32E6BDA-BA62-4B3A-8B20-EF18E7708A26}.Debug|Any CPU.Build.0 = Debug|Any CPU
		{C32E6BDA-BA62-4B3A-8B20-EF18E7708A26}.Release|Any CPU.ActiveCfg = Release|Any CPU
		{C32E6BDA-BA62-4B3A-8B20-EF18E7708A26}.Release|Any CPU.Build.0 = Release|Any CPU
		{96C316C8-21A1-4A50-991A-CAD794FF15BD}.Debug|Any CPU.ActiveCfg = Debug|Any CPU
		{96C316C8-21A1-4A50-991A-CAD794FF15BD}.Debug|Any CPU.Build.0 = Debug|Any CPU
		{96C316C8-21A1-4A50-991A-CAD794FF15BD}.Release|Any CPU.ActiveCfg = Release|Any CPU
		{96C316C8-21A1-4A50-991A-CAD794FF15BD}.Release|Any CPU.Build.0 = Release|Any CPU
		{8057D91F-40EF-4473-B556-B5A0DEC50B4C}.Debug|Any CPU.ActiveCfg = Debug|Any CPU
		{8057D91F-40EF-4473-B556-B5A0DEC50B4C}.Debug|Any CPU.Build.0 = Debug|Any CPU
		{8057D91F-40EF-4473-B556-B5A0DEC50B4C}.Release|Any CPU.ActiveCfg = Release|Any CPU
		{8057D91F-40EF-4473-B556-B5A0DEC50B4C}.Release|Any CPU.Build.0 = Release|Any CPU
		{D75A6E81-9B27-4694-A50B-E64B58DD6DB5}.Debug|Any CPU.ActiveCfg = Debug|Any CPU
		{D75A6E81-9B27-4694-A50B-E64B58DD6DB5}.Debug|Any CPU.Build.0 = Debug|Any CPU
		{D75A6E81-9B27-4694-A50B-E64B58DD6DB5}.Release|Any CPU.ActiveCfg = Release|Any CPU
		{D75A6E81-9B27-4694-A50B-E64B58DD6DB5}.Release|Any CPU.Build.0 = Release|Any CPU
		{A61843B0-55EA-432A-9F6F-53CE5BFD9ECF}.Debug|Any CPU.ActiveCfg = Debug|Any CPU
		{A61843B0-55EA-432A-9F6F-53CE5BFD9ECF}.Debug|Any CPU.Build.0 = Debug|Any CPU
		{A61843B0-55EA-432A-9F6F-53CE5BFD9ECF}.Release|Any CPU.ActiveCfg = Release|Any CPU
		{A61843B0-55EA-432A-9F6F-53CE5BFD9ECF}.Release|Any CPU.Build.0 = Release|Any CPU
		{EA4DEAB8-832D-43AE-8BBC-DBCBBFB013CA}.Debug|Any CPU.ActiveCfg = Debug|Any CPU
		{EA4DEAB8-832D-43AE-8BBC-DBCBBFB013CA}.Debug|Any CPU.Build.0 = Debug|Any CPU
		{EA4DEAB8-832D-43AE-8BBC-DBCBBFB013CA}.Release|Any CPU.ActiveCfg = Release|Any CPU
		{EA4DEAB8-832D-43AE-8BBC-DBCBBFB013CA}.Release|Any CPU.Build.0 = Release|Any CPU
		{AA0E71C3-0DB4-4A18-BE5D-A1709112477B}.Debug|Any CPU.ActiveCfg = Debug|Any CPU
		{AA0E71C3-0DB4-4A18-BE5D-A1709112477B}.Debug|Any CPU.Build.0 = Debug|Any CPU
		{AA0E71C3-0DB4-4A18-BE5D-A1709112477B}.Release|Any CPU.ActiveCfg = Release|Any CPU
		{AA0E71C3-0DB4-4A18-BE5D-A1709112477B}.Release|Any CPU.Build.0 = Release|Any CPU
	EndGlobalSection
	GlobalSection(SolutionProperties) = preSolution
		HideSolutionNode = FALSE
	EndGlobalSection
	GlobalSection(NestedProjects) = preSolution
		{AA0E71C3-0DB4-4A18-BE5D-A1709112477B} = {B0744579-6E37-4733-A0D4-1BE465640343}
		{81EB72CF-8A3B-4C39-A1C6-65893F8DEB13} = {73DD776E-B397-4372-867D-EDAF28C8608F}
		{CB9B310C-37C2-4DAD-AEC3-1ED529190AA9} = {C1C5E94D-8251-43E4-ABD0-521E2DE77313}
		{7E02466D-9055-484A-AFD1-33AD5CA46437} = {C1C5E94D-8251-43E4-ABD0-521E2DE77313}
		{E1D1A568-3BD0-429C-A717-18B329D75120} = {C1C5E94D-8251-43E4-ABD0-521E2DE77313}
		{CF87FF06-EE73-4174-B0D4-20083CBB3C1E} = {81EB72CF-8A3B-4C39-A1C6-65893F8DEB13}
		{C1C5E94D-8251-43E4-ABD0-521E2DE77313} = {73DD776E-B397-4372-867D-EDAF28C8608F}
		{C32E6BDA-BA62-4B3A-8B20-EF18E7708A26} = {CB9B310C-37C2-4DAD-AEC3-1ED529190AA9}
		{96C316C8-21A1-4A50-991A-CAD794FF15BD} = {CB9B310C-37C2-4DAD-AEC3-1ED529190AA9}
		{8057D91F-40EF-4473-B556-B5A0DEC50B4C} = {7E02466D-9055-484A-AFD1-33AD5CA46437}
		{D75A6E81-9B27-4694-A50B-E64B58DD6DB5} = {7E02466D-9055-484A-AFD1-33AD5CA46437}
		{A61843B0-55EA-432A-9F6F-53CE5BFD9ECF} = {7E02466D-9055-484A-AFD1-33AD5CA46437}
		{EA4DEAB8-832D-43AE-8BBC-DBCBBFB013CA} = {E1D1A568-3BD0-429C-A717-18B329D75120}
	EndGlobalSection
	GlobalSection(ExtensibilityGlobals) = postSolution
		SolutionGuid = {9C622411-9649-4977-93A0-2C624539C0EE}
	EndGlobalSection
EndGlobal
