
Microsoft Visual Studio Solution File, Format Version 12.00
# Visual Studio Version 16
VisualStudioVersion = 16.0.29920.165
MinimumVisualStudioVersion = 10.0.40219.1
Project("{2150E333-8FDC-42A3-9474-1A3956D46DE8}") = "src", "src", "{73DD776E-B397-4372-867D-EDAF28C8608F}"
EndProject
Project("{2150E333-8FDC-42A3-9474-1A3956D46DE8}") = "ClientApps", "ClientApps", "{81EB72CF-8A3B-4C39-A1C6-65893F8DEB13}"
EndProject
Project("{2150E333-8FDC-42A3-9474-1A3956D46DE8}") = "Api", "Api", "{98EABEDD-28DB-4E2B-8167-03CE601C73BF}"
EndProject
Project("{9A19103F-16F7-4668-BE54-9A1E7A4F7556}") = "EmployeeManagement.Api", "src\Api\EmployeeManagement.Api\EmployeeManagement.Api.csproj", "{886D93FB-1884-4A8D-BCAC-CAB613B380AA}"
EndProject
Project("{9A19103F-16F7-4668-BE54-9A1E7A4F7556}") = "EmployeeManagement.Application", "src\Api\EmployeeManagement.Application\EmployeeManagement.Application.csproj", "{9A8A76CB-7B53-44A5-AA54-A27F3E1F647B}"
EndProject
Project("{9A19103F-16F7-4668-BE54-9A1E7A4F7556}") = "EmployeeManagement.Common", "src\Api\EmployeeManagement.Common\EmployeeManagement.Common.csproj", "{EC966047-9DE9-44EB-A399-1800195828BB}"
EndProject
Project("{9A19103F-16F7-4668-BE54-9A1E7A4F7556}") = "EmployeeManagement.Domain", "src\Api\EmployeeManagement.Domain\EmployeeManagement.Domain.csproj", "{8B0A9739-9DCF-4CF6-A04D-E76FBD78D63D}"
EndProject
Project("{9A19103F-16F7-4668-BE54-9A1E7A4F7556}") = "EmployeeManagement.Infrastructure", "src\Api\EmployeeManagement.Infrastructure\EmployeeManagement.Infrastructure.csproj", "{B17C2711-2FF2-4485-A33D-2A2CF75308D4}"
EndProject
Project("{9A19103F-16F7-4668-BE54-9A1E7A4F7556}") = "RazorPageClient", "src\ClientApps\RazorPageClient\RazorPageClient.csproj", "{115E3208-F752-40F5-A1B2-20A81B1F427E}"
EndProject
Project("{2150E333-8FDC-42A3-9474-1A3956D46DE8}") = "Solution Items", "Solution Items", "{B69E8FA4-393A-4409-B824-9750223CF01C}"
	ProjectSection(SolutionItems) = preProject
		.editorconfig = .editorconfig
	EndProjectSection
EndProject
Global
	GlobalSection(SolutionConfigurationPlatforms) = preSolution
		Debug|Any CPU = Debug|Any CPU
		Release|Any CPU = Release|Any CPU
	EndGlobalSection
	GlobalSection(ProjectConfigurationPlatforms) = postSolution
		{886D93FB-1884-4A8D-BCAC-CAB613B380AA}.Debug|Any CPU.ActiveCfg = Debug|Any CPU
		{886D93FB-1884-4A8D-BCAC-CAB613B380AA}.Debug|Any CPU.Build.0 = Debug|Any CPU
		{886D93FB-1884-4A8D-BCAC-CAB613B380AA}.Release|Any CPU.ActiveCfg = Release|Any CPU
		{886D93FB-1884-4A8D-BCAC-CAB613B380AA}.Release|Any CPU.Build.0 = Release|Any CPU
		{9A8A76CB-7B53-44A5-AA54-A27F3E1F647B}.Debug|Any CPU.ActiveCfg = Debug|Any CPU
		{9A8A76CB-7B53-44A5-AA54-A27F3E1F647B}.Debug|Any CPU.Build.0 = Debug|Any CPU
		{9A8A76CB-7B53-44A5-AA54-A27F3E1F647B}.Release|Any CPU.ActiveCfg = Release|Any CPU
		{9A8A76CB-7B53-44A5-AA54-A27F3E1F647B}.Release|Any CPU.Build.0 = Release|Any CPU
		{EC966047-9DE9-44EB-A399-1800195828BB}.Debug|Any CPU.ActiveCfg = Debug|Any CPU
		{EC966047-9DE9-44EB-A399-1800195828BB}.Debug|Any CPU.Build.0 = Debug|Any CPU
		{EC966047-9DE9-44EB-A399-1800195828BB}.Release|Any CPU.ActiveCfg = Release|Any CPU
		{EC966047-9DE9-44EB-A399-1800195828BB}.Release|Any CPU.Build.0 = Release|Any CPU
		{8B0A9739-9DCF-4CF6-A04D-E76FBD78D63D}.Debug|Any CPU.ActiveCfg = Debug|Any CPU
		{8B0A9739-9DCF-4CF6-A04D-E76FBD78D63D}.Debug|Any CPU.Build.0 = Debug|Any CPU
		{8B0A9739-9DCF-4CF6-A04D-E76FBD78D63D}.Release|Any CPU.ActiveCfg = Release|Any CPU
		{8B0A9739-9DCF-4CF6-A04D-E76FBD78D63D}.Release|Any CPU.Build.0 = Release|Any CPU
		{B17C2711-2FF2-4485-A33D-2A2CF75308D4}.Debug|Any CPU.ActiveCfg = Debug|Any CPU
		{B17C2711-2FF2-4485-A33D-2A2CF75308D4}.Debug|Any CPU.Build.0 = Debug|Any CPU
		{B17C2711-2FF2-4485-A33D-2A2CF75308D4}.Release|Any CPU.ActiveCfg = Release|Any CPU
		{B17C2711-2FF2-4485-A33D-2A2CF75308D4}.Release|Any CPU.Build.0 = Release|Any CPU
		{115E3208-F752-40F5-A1B2-20A81B1F427E}.Debug|Any CPU.ActiveCfg = Debug|Any CPU
		{115E3208-F752-40F5-A1B2-20A81B1F427E}.Debug|Any CPU.Build.0 = Debug|Any CPU
		{115E3208-F752-40F5-A1B2-20A81B1F427E}.Release|Any CPU.ActiveCfg = Release|Any CPU
		{115E3208-F752-40F5-A1B2-20A81B1F427E}.Release|Any CPU.Build.0 = Release|Any CPU
	EndGlobalSection
	GlobalSection(SolutionProperties) = preSolution
		HideSolutionNode = FALSE
	EndGlobalSection
	GlobalSection(NestedProjects) = preSolution
		{81EB72CF-8A3B-4C39-A1C6-65893F8DEB13} = {73DD776E-B397-4372-867D-EDAF28C8608F}
		{98EABEDD-28DB-4E2B-8167-03CE601C73BF} = {73DD776E-B397-4372-867D-EDAF28C8608F}
		{886D93FB-1884-4A8D-BCAC-CAB613B380AA} = {98EABEDD-28DB-4E2B-8167-03CE601C73BF}
		{9A8A76CB-7B53-44A5-AA54-A27F3E1F647B} = {98EABEDD-28DB-4E2B-8167-03CE601C73BF}
		{EC966047-9DE9-44EB-A399-1800195828BB} = {98EABEDD-28DB-4E2B-8167-03CE601C73BF}
		{8B0A9739-9DCF-4CF6-A04D-E76FBD78D63D} = {98EABEDD-28DB-4E2B-8167-03CE601C73BF}
		{B17C2711-2FF2-4485-A33D-2A2CF75308D4} = {98EABEDD-28DB-4E2B-8167-03CE601C73BF}
		{115E3208-F752-40F5-A1B2-20A81B1F427E} = {81EB72CF-8A3B-4C39-A1C6-65893F8DEB13}
	EndGlobalSection
	GlobalSection(ExtensibilityGlobals) = postSolution
		SolutionGuid = {9C622411-9649-4977-93A0-2C624539C0EE}
	EndGlobalSection
EndGlobal
